// !$*UTF8*$!
{
	archiveVersion = 1;
	classes = {
	};
	objectVersion = 50;
	objects = {

/* Begin PBXBuildFile section */
		880C9B5F249959D800940C8F /* StateAnimatingSprite.swift in Sources */ = {isa = PBXBuildFile; fileRef = 880C9B5E249959D800940C8F /* StateAnimatingSprite.swift */; };
		8816D4E72492A132008019AD /* AppDelegate.swift in Sources */ = {isa = PBXBuildFile; fileRef = 8816D4E62492A132008019AD /* AppDelegate.swift */; };
		8816D4E92492A132008019AD /* GameScene.sks in Resources */ = {isa = PBXBuildFile; fileRef = 8816D4E82492A132008019AD /* GameScene.sks */; };
		8816D4EB2492A132008019AD /* Actions.sks in Resources */ = {isa = PBXBuildFile; fileRef = 8816D4EA2492A132008019AD /* Actions.sks */; };
		8816D4ED2492A132008019AD /* GameScene.swift in Sources */ = {isa = PBXBuildFile; fileRef = 8816D4EC2492A132008019AD /* GameScene.swift */; };
		8816D4EF2492A132008019AD /* GameViewController.swift in Sources */ = {isa = PBXBuildFile; fileRef = 8816D4EE2492A132008019AD /* GameViewController.swift */; };
		8816D4F22492A132008019AD /* Main.storyboard in Resources */ = {isa = PBXBuildFile; fileRef = 8816D4F02492A132008019AD /* Main.storyboard */; };
		8816D4F42492A134008019AD /* Assets.xcassets in Resources */ = {isa = PBXBuildFile; fileRef = 8816D4F32492A134008019AD /* Assets.xcassets */; };
		8816D4F72492A134008019AD /* LaunchScreen.storyboard in Resources */ = {isa = PBXBuildFile; fileRef = 8816D4F52492A134008019AD /* LaunchScreen.storyboard */; };
		8816D4FF2492AC30008019AD /* GameEngine.swift in Sources */ = {isa = PBXBuildFile; fileRef = 8816D4FE2492AC30008019AD /* GameEngine.swift */; };
		8816D5022492BAB2008019AD /* Sprite.swift in Sources */ = {isa = PBXBuildFile; fileRef = 8816D5012492BAB2008019AD /* Sprite.swift */; };
		8816D5042492C843008019AD /* ContentLoader.swift in Sources */ = {isa = PBXBuildFile; fileRef = 8816D5032492C843008019AD /* ContentLoader.swift */; };
		8816D5062492CB0A008019AD /* AbstractMode.swift in Sources */ = {isa = PBXBuildFile; fileRef = 8816D5052492CB0A008019AD /* AbstractMode.swift */; };
		8816D5082492CC4E008019AD /* PlayMode.swift in Sources */ = {isa = PBXBuildFile; fileRef = 8816D5072492CC4E008019AD /* PlayMode.swift */; };
		8816D50A2492CD7A008019AD /* TitleMode.swift in Sources */ = {isa = PBXBuildFile; fileRef = 8816D5092492CD7A008019AD /* TitleMode.swift */; };
		8816D50F24940F25008019AD /* LoadAndUnload.swift in Sources */ = {isa = PBXBuildFile; fileRef = 8816D50D24940ECB008019AD /* LoadAndUnload.swift */; };
		8816D511249417E0008019AD /* AnimatingSprite.swift in Sources */ = {isa = PBXBuildFile; fileRef = 8816D510249417E0008019AD /* AnimatingSprite.swift */; };
		88A7743A249BEEA5003711C9 /* FlipBook.swift in Sources */ = {isa = PBXBuildFile; fileRef = 88A77439249BEEA5003711C9 /* FlipBook.swift */; };
/* End PBXBuildFile section */

/* Begin PBXFileReference section */
		880C9B5E249959D800940C8F /* StateAnimatingSprite.swift */ = {isa = PBXFileReference; lastKnownFileType = sourcecode.swift; path = StateAnimatingSprite.swift; sourceTree = "<group>"; };
		8816D4E32492A132008019AD /* GameEngine.app */ = {isa = PBXFileReference; explicitFileType = wrapper.application; includeInIndex = 0; path = GameEngine.app; sourceTree = BUILT_PRODUCTS_DIR; };
		8816D4E62492A132008019AD /* AppDelegate.swift */ = {isa = PBXFileReference; lastKnownFileType = sourcecode.swift; path = AppDelegate.swift; sourceTree = "<group>"; };
		8816D4E82492A132008019AD /* GameScene.sks */ = {isa = PBXFileReference; lastKnownFileType = file.sks; path = GameScene.sks; sourceTree = "<group>"; };
		8816D4EA2492A132008019AD /* Actions.sks */ = {isa = PBXFileReference; lastKnownFileType = file.sks; path = Actions.sks; sourceTree = "<group>"; };
		8816D4EC2492A132008019AD /* GameScene.swift */ = {isa = PBXFileReference; lastKnownFileType = sourcecode.swift; path = GameScene.swift; sourceTree = "<group>"; };
		8816D4EE2492A132008019AD /* GameViewController.swift */ = {isa = PBXFileReference; lastKnownFileType = sourcecode.swift; path = GameViewController.swift; sourceTree = "<group>"; };
		8816D4F12492A132008019AD /* Base */ = {isa = PBXFileReference; lastKnownFileType = file.storyboard; name = Base; path = Base.lproj/Main.storyboard; sourceTree = "<group>"; };
		8816D4F32492A134008019AD /* Assets.xcassets */ = {isa = PBXFileReference; lastKnownFileType = folder.assetcatalog; path = Assets.xcassets; sourceTree = "<group>"; };
		8816D4F62492A134008019AD /* Base */ = {isa = PBXFileReference; lastKnownFileType = file.storyboard; name = Base; path = Base.lproj/LaunchScreen.storyboard; sourceTree = "<group>"; };
		8816D4F82492A134008019AD /* Info.plist */ = {isa = PBXFileReference; lastKnownFileType = text.plist.xml; path = Info.plist; sourceTree = "<group>"; };
		8816D4FE2492AC30008019AD /* GameEngine.swift */ = {isa = PBXFileReference; lastKnownFileType = sourcecode.swift; path = GameEngine.swift; sourceTree = "<group>"; };
		8816D5012492BAB2008019AD /* Sprite.swift */ = {isa = PBXFileReference; lastKnownFileType = sourcecode.swift; path = Sprite.swift; sourceTree = "<group>"; };
		8816D5032492C843008019AD /* ContentLoader.swift */ = {isa = PBXFileReference; lastKnownFileType = sourcecode.swift; path = ContentLoader.swift; sourceTree = "<group>"; };
		8816D5052492CB0A008019AD /* AbstractMode.swift */ = {isa = PBXFileReference; lastKnownFileType = sourcecode.swift; path = AbstractMode.swift; sourceTree = "<group>"; };
		8816D5072492CC4E008019AD /* PlayMode.swift */ = {isa = PBXFileReference; lastKnownFileType = sourcecode.swift; path = PlayMode.swift; sourceTree = "<group>"; };
		8816D5092492CD7A008019AD /* TitleMode.swift */ = {isa = PBXFileReference; lastKnownFileType = sourcecode.swift; path = TitleMode.swift; sourceTree = "<group>"; };
		8816D50D24940ECB008019AD /* LoadAndUnload.swift */ = {isa = PBXFileReference; lastKnownFileType = sourcecode.swift; path = LoadAndUnload.swift; sourceTree = "<group>"; };
		8816D510249417E0008019AD /* AnimatingSprite.swift */ = {isa = PBXFileReference; lastKnownFileType = sourcecode.swift; path = AnimatingSprite.swift; sourceTree = "<group>"; };
		88A77439249BEEA5003711C9 /* FlipBook.swift */ = {isa = PBXFileReference; lastKnownFileType = sourcecode.swift; path = FlipBook.swift; sourceTree = "<group>"; };
/* End PBXFileReference section */

/* Begin PBXFrameworksBuildPhase section */
		8816D4E02492A132008019AD /* Frameworks */ = {
			isa = PBXFrameworksBuildPhase;
			buildActionMask = 2147483647;
			files = (
			);
			runOnlyForDeploymentPostprocessing = 0;
		};
/* End PBXFrameworksBuildPhase section */

/* Begin PBXGroup section */
		8816D4DA2492A132008019AD = {
			isa = PBXGroup;
			children = (
				8816D4E52492A132008019AD /* GameEngine */,
				8816D4E42492A132008019AD /* Products */,
			);
			sourceTree = "<group>";
		};
		8816D4E42492A132008019AD /* Products */ = {
			isa = PBXGroup;
			children = (
				8816D4E32492A132008019AD /* GameEngine.app */,
			);
			name = Products;
			sourceTree = "<group>";
		};
		8816D4E52492A132008019AD /* GameEngine */ = {
			isa = PBXGroup;
			children = (
				8816D5002492B9DC008019AD /* Internal */,
				8816D4FE2492AC30008019AD /* GameEngine.swift */,
				8816D4EC2492A132008019AD /* GameScene.swift */,
				8816D5052492CB0A008019AD /* AbstractMode.swift */,
				8816D50D24940ECB008019AD /* LoadAndUnload.swift */,
				8816D5092492CD7A008019AD /* TitleMode.swift */,
				8816D5072492CC4E008019AD /* PlayMode.swift */,
				8816D5032492C843008019AD /* ContentLoader.swift */,
				8816D5012492BAB2008019AD /* Sprite.swift */,
				8816D510249417E0008019AD /* AnimatingSprite.swift */,
				880C9B5E249959D800940C8F /* StateAnimatingSprite.swift */,
				88A77439249BEEA5003711C9 /* FlipBook.swift */,
			);
			path = GameEngine;
			sourceTree = "<group>";
		};
		8816D5002492B9DC008019AD /* Internal */ = {
			isa = PBXGroup;
			children = (
				8816D4E62492A132008019AD /* AppDelegate.swift */,
				8816D4E82492A132008019AD /* GameScene.sks */,
				8816D4EA2492A132008019AD /* Actions.sks */,
				8816D4EE2492A132008019AD /* GameViewController.swift */,
				8816D4F02492A132008019AD /* Main.storyboard */,
				8816D4F32492A134008019AD /* Assets.xcassets */,
				8816D4F52492A134008019AD /* LaunchScreen.storyboard */,
				8816D4F82492A134008019AD /* Info.plist */,
			);
			path = Internal;
			sourceTree = "<group>";
		};
/* End PBXGroup section */

/* Begin PBXNativeTarget section */
		8816D4E22492A132008019AD /* GameEngine */ = {
			isa = PBXNativeTarget;
			buildConfigurationList = 8816D4FB2492A134008019AD /* Build configuration list for PBXNativeTarget "GameEngine" */;
			buildPhases = (
				8816D4DF2492A132008019AD /* Sources */,
				8816D4E02492A132008019AD /* Frameworks */,
				8816D4E12492A132008019AD /* Resources */,
			);
			buildRules = (
			);
			dependencies = (
			);
			name = GameEngine;
			productName = GameEngine;
			productReference = 8816D4E32492A132008019AD /* GameEngine.app */;
			productType = "com.apple.product-type.application";
		};
/* End PBXNativeTarget section */

/* Begin PBXProject section */
		8816D4DB2492A132008019AD /* Project object */ = {
			isa = PBXProject;
			attributes = {
				LastSwiftUpdateCheck = 1150;
				LastUpgradeCheck = 1150;
				ORGANIZATIONNAME = "Fernando Restituto";
				TargetAttributes = {
					8816D4E22492A132008019AD = {
						CreatedOnToolsVersion = 11.5;
					};
				};
			};
			buildConfigurationList = 8816D4DE2492A132008019AD /* Build configuration list for PBXProject "GameEngine" */;
			compatibilityVersion = "Xcode 9.3";
			developmentRegion = en;
			hasScannedForEncodings = 0;
			knownRegions = (
				en,
				Base,
			);
			mainGroup = 8816D4DA2492A132008019AD;
			productRefGroup = 8816D4E42492A132008019AD /* Products */;
			projectDirPath = "";
			projectRoot = "";
			targets = (
				8816D4E22492A132008019AD /* GameEngine */,
			);
		};
/* End PBXProject section */

/* Begin PBXResourcesBuildPhase section */
		8816D4E12492A132008019AD /* Resources */ = {
			isa = PBXResourcesBuildPhase;
			buildActionMask = 2147483647;
			files = (
				8816D4F22492A132008019AD /* Main.storyboard in Resources */,
				8816D4E92492A132008019AD /* GameScene.sks in Resources */,
				8816D4F42492A134008019AD /* Assets.xcassets in Resources */,
				8816D4F72492A134008019AD /* LaunchScreen.storyboard in Resources */,
				8816D4EB2492A132008019AD /* Actions.sks in Resources */,
			);
			runOnlyForDeploymentPostprocessing = 0;
		};
/* End PBXResourcesBuildPhase section */

/* Begin PBXSourcesBuildPhase section */
		8816D4DF2492A132008019AD /* Sources */ = {
			isa = PBXSourcesBuildPhase;
			buildActionMask = 2147483647;
			files = (
				8816D50F24940F25008019AD /* LoadAndUnload.swift in Sources */,
				8816D50A2492CD7A008019AD /* TitleMode.swift in Sources */,
				8816D5022492BAB2008019AD /* Sprite.swift in Sources */,
				8816D4ED2492A132008019AD /* GameScene.swift in Sources */,
				8816D4EF2492A132008019AD /* GameViewController.swift in Sources */,
				880C9B5F249959D800940C8F /* StateAnimatingSprite.swift in Sources */,
				8816D511249417E0008019AD /* AnimatingSprite.swift in Sources */,
				8816D4E72492A132008019AD /* AppDelegate.swift in Sources */,
				8816D5082492CC4E008019AD /* PlayMode.swift in Sources */,
				8816D5042492C843008019AD /* ContentLoader.swift in Sources */,
				8816D5062492CB0A008019AD /* AbstractMode.swift in Sources */,
				8816D4FF2492AC30008019AD /* GameEngine.swift in Sources */,
				88A7743A249BEEA5003711C9 /* FlipBook.swift in Sources */,
			);
			runOnlyForDeploymentPostprocessing = 0;
		};
/* End PBXSourcesBuildPhase section */

/* Begin PBXVariantGroup section */
		8816D4F02492A132008019AD /* Main.storyboard */ = {
			isa = PBXVariantGroup;
			children = (
				8816D4F12492A132008019AD /* Base */,
			);
			name = Main.storyboard;
			sourceTree = "<group>";
		};
		8816D4F52492A134008019AD /* LaunchScreen.storyboard */ = {
			isa = PBXVariantGroup;
			children = (
				8816D4F62492A134008019AD /* Base */,
			);
			name = LaunchScreen.storyboard;
			sourceTree = "<group>";
		};
/* End PBXVariantGroup section */

/* Begin XCBuildConfiguration section */
		8816D4F92492A134008019AD /* Debug */ = {
			isa = XCBuildConfiguration;
			buildSettings = {
				ALWAYS_SEARCH_USER_PATHS = NO;
				CLANG_ANALYZER_NONNULL = YES;
				CLANG_ANALYZER_NUMBER_OBJECT_CONVERSION = YES_AGGRESSIVE;
				CLANG_CXX_LANGUAGE_STANDARD = "gnu++14";
				CLANG_CXX_LIBRARY = "libc++";
				CLANG_ENABLE_MODULES = YES;
				CLANG_ENABLE_OBJC_ARC = YES;
				CLANG_ENABLE_OBJC_WEAK = YES;
				CLANG_WARN_BLOCK_CAPTURE_AUTORELEASING = YES;
				CLANG_WARN_BOOL_CONVERSION = YES;
				CLANG_WARN_COMMA = YES;
				CLANG_WARN_CONSTANT_CONVERSION = YES;
				CLANG_WARN_DEPRECATED_OBJC_IMPLEMENTATIONS = YES;
				CLANG_WARN_DIRECT_OBJC_ISA_USAGE = YES_ERROR;
				CLANG_WARN_DOCUMENTATION_COMMENTS = YES;
				CLANG_WARN_EMPTY_BODY = YES;
				CLANG_WARN_ENUM_CONVERSION = YES;
				CLANG_WARN_INFINITE_RECURSION = YES;
				CLANG_WARN_INT_CONVERSION = YES;
				CLANG_WARN_NON_LITERAL_NULL_CONVERSION = YES;
				CLANG_WARN_OBJC_IMPLICIT_RETAIN_SELF = YES;
				CLANG_WARN_OBJC_LITERAL_CONVERSION = YES;
				CLANG_WARN_OBJC_ROOT_CLASS = YES_ERROR;
				CLANG_WARN_RANGE_LOOP_ANALYSIS = YES;
				CLANG_WARN_STRICT_PROTOTYPES = YES;
				CLANG_WARN_SUSPICIOUS_MOVE = YES;
				CLANG_WARN_UNGUARDED_AVAILABILITY = YES_AGGRESSIVE;
				CLANG_WARN_UNREACHABLE_CODE = YES;
				CLANG_WARN__DUPLICATE_METHOD_MATCH = YES;
				COPY_PHASE_STRIP = NO;
				DEBUG_INFORMATION_FORMAT = dwarf;
				ENABLE_STRICT_OBJC_MSGSEND = YES;
				ENABLE_TESTABILITY = YES;
				GCC_C_LANGUAGE_STANDARD = gnu11;
				GCC_DYNAMIC_NO_PIC = NO;
				GCC_NO_COMMON_BLOCKS = YES;
				GCC_OPTIMIZATION_LEVEL = 0;
				GCC_PREPROCESSOR_DEFINITIONS = (
					"DEBUG=1",
					"$(inherited)",
				);
				GCC_WARN_64_TO_32_BIT_CONVERSION = YES;
				GCC_WARN_ABOUT_RETURN_TYPE = YES_ERROR;
				GCC_WARN_UNDECLARED_SELECTOR = YES;
				GCC_WARN_UNINITIALIZED_AUTOS = YES_AGGRESSIVE;
				GCC_WARN_UNUSED_FUNCTION = YES;
				GCC_WARN_UNUSED_VARIABLE = YES;
				IPHONEOS_DEPLOYMENT_TARGET = 13.5;
				MTL_ENABLE_DEBUG_INFO = INCLUDE_SOURCE;
				MTL_FAST_MATH = YES;
				ONLY_ACTIVE_ARCH = YES;
				SDKROOT = iphoneos;
				SWIFT_ACTIVE_COMPILATION_CONDITIONS = DEBUG;
				SWIFT_OPTIMIZATION_LEVEL = "-Onone";
			};
			name = Debug;
		};
		8816D4FA2492A134008019AD /* Release */ = {
			isa = XCBuildConfiguration;
			buildSettings = {
				ALWAYS_SEARCH_USER_PATHS = NO;
				CLANG_ANALYZER_NONNULL = YES;
				CLANG_ANALYZER_NUMBER_OBJECT_CONVERSION = YES_AGGRESSIVE;
				CLANG_CXX_LANGUAGE_STANDARD = "gnu++14";
				CLANG_CXX_LIBRARY = "libc++";
				CLANG_ENABLE_MODULES = YES;
				CLANG_ENABLE_OBJC_ARC = YES;
				CLANG_ENABLE_OBJC_WEAK = YES;
				CLANG_WARN_BLOCK_CAPTURE_AUTORELEASING = YES;
				CLANG_WARN_BOOL_CONVERSION = YES;
				CLANG_WARN_COMMA = YES;
				CLANG_WARN_CONSTANT_CONVERSION = YES;
				CLANG_WARN_DEPRECATED_OBJC_IMPLEMENTATIONS = YES;
				CLANG_WARN_DIRECT_OBJC_ISA_USAGE = YES_ERROR;
				CLANG_WARN_DOCUMENTATION_COMMENTS = YES;
				CLANG_WARN_EMPTY_BODY = YES;
				CLANG_WARN_ENUM_CONVERSION = YES;
				CLANG_WARN_INFINITE_RECURSION = YES;
				CLANG_WARN_INT_CONVERSION = YES;
				CLANG_WARN_NON_LITERAL_NULL_CONVERSION = YES;
				CLANG_WARN_OBJC_IMPLICIT_RETAIN_SELF = YES;
				CLANG_WARN_OBJC_LITERAL_CONVERSION = YES;
				CLANG_WARN_OBJC_ROOT_CLASS = YES_ERROR;
				CLANG_WARN_RANGE_LOOP_ANALYSIS = YES;
				CLANG_WARN_STRICT_PROTOTYPES = YES;
				CLANG_WARN_SUSPICIOUS_MOVE = YES;
				CLANG_WARN_UNGUARDED_AVAILABILITY = YES_AGGRESSIVE;
				CLANG_WARN_UNREACHABLE_CODE = YES;
				CLANG_WARN__DUPLICATE_METHOD_MATCH = YES;
				COPY_PHASE_STRIP = NO;
				DEBUG_INFORMATION_FORMAT = "dwarf-with-dsym";
				ENABLE_NS_ASSERTIONS = NO;
				ENABLE_STRICT_OBJC_MSGSEND = YES;
				GCC_C_LANGUAGE_STANDARD = gnu11;
				GCC_NO_COMMON_BLOCKS = YES;
				GCC_WARN_64_TO_32_BIT_CONVERSION = YES;
				GCC_WARN_ABOUT_RETURN_TYPE = YES_ERROR;
				GCC_WARN_UNDECLARED_SELECTOR = YES;
				GCC_WARN_UNINITIALIZED_AUTOS = YES_AGGRESSIVE;
				GCC_WARN_UNUSED_FUNCTION = YES;
				GCC_WARN_UNUSED_VARIABLE = YES;
				IPHONEOS_DEPLOYMENT_TARGET = 13.5;
				MTL_ENABLE_DEBUG_INFO = NO;
				MTL_FAST_MATH = YES;
				SDKROOT = iphoneos;
				SWIFT_COMPILATION_MODE = wholemodule;
				SWIFT_OPTIMIZATION_LEVEL = "-O";
				VALIDATE_PRODUCT = YES;
			};
			name = Release;
		};
		8816D4FC2492A134008019AD /* Debug */ = {
			isa = XCBuildConfiguration;
			buildSettings = {
				ASSETCATALOG_COMPILER_APPICON_NAME = AppIcon;
				CODE_SIGN_STYLE = Automatic;
				DEVELOPMENT_TEAM = F2NGDGMX57;
				INFOPLIST_FILE = GameEngine/Internal/Info.plist;
				LD_RUNPATH_SEARCH_PATHS = (
					"$(inherited)",
					"@executable_path/Frameworks",
				);
				PRODUCT_BUNDLE_IDENTIFIER = WindJesterGames.GameEngine;
				PRODUCT_NAME = "$(TARGET_NAME)";
				SWIFT_VERSION = 5.0;
				TARGETED_DEVICE_FAMILY = "1,2";
			};
			name = Debug;
		};
		8816D4FD2492A134008019AD /* Release */ = {
			isa = XCBuildConfiguration;
			buildSettings = {
				ASSETCATALOG_COMPILER_APPICON_NAME = AppIcon;
				CODE_SIGN_STYLE = Automatic;
				DEVELOPMENT_TEAM = F2NGDGMX57;
				INFOPLIST_FILE = GameEngine/Internal/Info.plist;
				LD_RUNPATH_SEARCH_PATHS = (
					"$(inherited)",
					"@executable_path/Frameworks",
				);
				PRODUCT_BUNDLE_IDENTIFIER = WindJesterGames.GameEngine;
				PRODUCT_NAME = "$(TARGET_NAME)";
				SWIFT_VERSION = 5.0;
				TARGETED_DEVICE_FAMILY = "1,2";
			};
			name = Release;
		};
/* End XCBuildConfiguration section */

/* Begin XCConfigurationList section */
		8816D4DE2492A132008019AD /* Build configuration list for PBXProject "GameEngine" */ = {
			isa = XCConfigurationList;
			buildConfigurations = (
				8816D4F92492A134008019AD /* Debug */,
				8816D4FA2492A134008019AD /* Release */,
			);
			defaultConfigurationIsVisible = 0;
			defaultConfigurationName = Release;
		};
		8816D4FB2492A134008019AD /* Build configuration list for PBXNativeTarget "GameEngine" */ = {
			isa = XCConfigurationList;
			buildConfigurations = (
				8816D4FC2492A134008019AD /* Debug */,
				8816D4FD2492A134008019AD /* Release */,
			);
			defaultConfigurationIsVisible = 0;
			defaultConfigurationName = Release;
		};
/* End XCConfigurationList section */
	};
	rootObject = 8816D4DB2492A132008019AD /* Project object */;
}
